
Microsoft Visual Studio Solution File, Format Version 12.00
# Visual Studio Version 17
VisualStudioVersion = 17.14.36301.6
MinimumVisualStudioVersion = 10.0.40219.1
Project("{FAE04EC0-301F-11D3-BF4B-00C04F79EFBC}") = "EmployeeCustomProp", "EmployeeCustomProp.csproj", "{6993E652-84FE-478E-83E0-223859F2BF10}"
EndProject
Global
	GlobalSection(SolutionConfigurationPlatforms) = preSolution
		Debug|Any CPU = Debug|Any CPU
		Release|Any CPU = Release|Any CPU
	EndGlobalSection
	GlobalSection(ProjectConfigurationPlatforms) = postSolution
		{6993E652-84FE-478E-83E0-223859F2BF10}.Debug|Any CPU.ActiveCfg = Debug|Any CPU
		{6993E652-84FE-478E-83E0-223859F2BF10}.Debug|Any CPU.Build.0 = Debug|Any CPU
		{6993E652-84FE-478E-83E0-223859F2BF10}.Release|Any CPU.ActiveCfg = Release|Any CPU
		{6993E652-84FE-478E-83E0-223859F2BF10}.Release|Any CPU.Build.0 = Release|Any CPU
	EndGlobalSection
	GlobalSection(SolutionProperties) = preSolution
		HideSolutionNode = FALSE
	EndGlobalSection
	GlobalSection(ExtensibilityGlobals) = postSolution
		SolutionGuid = {ED02AEF9-65F7-4C06-8D97-D46B5E305BA7}
	EndGlobalSection
EndGlobal
